
Microsoft Visual Studio Solution File, Format Version 12.00
# Visual Studio Version 16
VisualStudioVersion = 16.0.31911.196
MinimumVisualStudioVersion = 10.0.40219.1
Project("{FAE04EC0-301F-11D3-BF4B-00C04F79EFBC}") = "Game", "Game\Game.csproj", "{3A77164C-67A0-4378-903A-BC7E968C69D3}"
EndProject
Global
	GlobalSection(SolutionConfigurationPlatforms) = preSolution
		Debug|Any CPU = Debug|Any CPU
		Release|Any CPU = Release|Any CPU
	EndGlobalSection
	GlobalSection(ProjectConfigurationPlatforms) = postSolution
		{3A77164C-67A0-4378-903A-BC7E968C69D3}.Debug|Any CPU.ActiveCfg = Debug|Any CPU
		{3A77164C-67A0-4378-903A-BC7E968C69D3}.Debug|Any CPU.Build.0 = Debug|Any CPU
		{3A77164C-67A0-4378-903A-BC7E968C69D3}.Release|Any CPU.ActiveCfg = Release|Any CPU
		{3A77164C-67A0-4378-903A-BC7E968C69D3}.Release|Any CPU.Build.0 = Release|Any CPU
	EndGlobalSection
	GlobalSection(SolutionProperties) = preSolution
		HideSolutionNode = FALSE
	EndGlobalSection
	GlobalSection(ExtensibilityGlobals) = postSolution
		SolutionGuid = {49B69550-A460-43E4-A878-8B18AA456114}
	EndGlobalSection
EndGlobal
